// !$*UTF8*$!
{
	archiveVersion = 1;
	classes = {
	};
	objectVersion = 46;
	objects = {

/* Begin PBXBuildFile section */
		92FAA1C71C59EDC6001CB1F0 /* main.cpp in Sources */ = {isa = PBXBuildFile; fileRef = 92FAA1C61C59EDC6001CB1F0 /* main.cpp */; };
		92FAA1CE1C59EE0F001CB1F0 /* OpenGL.framework in Frameworks */ = {isa = PBXBuildFile; fileRef = 92FAA1CD1C59EE0F001CB1F0 /* OpenGL.framework */; };
		92FAA1DA1C5A08BA001CB1F0 /* libglfw3.3.1.dylib in Frameworks */ = {isa = PBXBuildFile; fileRef = 92FAA1D91C5A08BA001CB1F0 /* libglfw3.3.1.dylib */; };
		92FAA1E91C5B5231001CB1F0 /* shader.cpp in Sources */ = {isa = PBXBuildFile; fileRef = 92FAA1E71C5B5231001CB1F0 /* shader.cpp */; };
/* End PBXBuildFile section */

/* Begin PBXCopyFilesBuildPhase section */
		92FAA1C11C59EDC6001CB1F0 /* CopyFiles */ = {
			isa = PBXCopyFilesBuildPhase;
			buildActionMask = 2147483647;
			dstPath = /usr/share/man/man1/;
			dstSubfolderSpec = 0;
			files = (
			);
			runOnlyForDeploymentPostprocessing = 1;
		};
/* End PBXCopyFilesBuildPhase section */

/* Begin PBXFileReference section */
		92FAA1C31C59EDC6001CB1F0 /* gilgl */ = {isa = PBXFileReference; explicitFileType = "compiled.mach-o.executable"; includeInIndex = 0; path = gilgl; sourceTree = BUILT_PRODUCTS_DIR; };
		92FAA1C61C59EDC6001CB1F0 /* main.cpp */ = {isa = PBXFileReference; lastKnownFileType = sourcecode.cpp.cpp; path = main.cpp; sourceTree = "<group>"; };
		92FAA1CD1C59EE0F001CB1F0 /* OpenGL.framework */ = {isa = PBXFileReference; lastKnownFileType = wrapper.framework; name = OpenGL.framework; path = System/Library/Frameworks/OpenGL.framework; sourceTree = SDKROOT; };
		92FAA1D91C5A08BA001CB1F0 /* libglfw3.3.1.dylib */ = {isa = PBXFileReference; lastKnownFileType = "compiled.mach-o.dylib"; name = libglfw3.3.1.dylib; path = ../../../../../usr/local/Cellar/glfw3/3.1.2/lib/libglfw3.3.1.dylib; sourceTree = "<group>"; };
		92FAA1DC1C5B4186001CB1F0 /* gilgl.h */ = {isa = PBXFileReference; fileEncoding = 4; lastKnownFileType = sourcecode.c.h; path = gilgl.h; sourceTree = "<group>"; };
		92FAA1E71C5B5231001CB1F0 /* shader.cpp */ = {isa = PBXFileReference; fileEncoding = 4; lastKnownFileType = sourcecode.cpp.cpp; name = shader.cpp; path = common/shader.cpp; sourceTree = "<group>"; };
		92FAA1E81C5B5231001CB1F0 /* shader.hpp */ = {isa = PBXFileReference; fileEncoding = 4; lastKnownFileType = sourcecode.cpp.h; name = shader.hpp; path = common/shader.hpp; sourceTree = "<group>"; };
		92FAA1F01C5F4B5C001CB1F0 /* SimpleFragmentShader.fsh */ = {isa = PBXFileReference; explicitFileType = sourcecode.glsl; fileEncoding = 4; name = SimpleFragmentShader.fsh; path = fragment/SimpleFragmentShader.fsh; sourceTree = "<group>"; };
		92FAA1F11C5F4B5C001CB1F0 /* SimpleVertexShader.vsh */ = {isa = PBXFileReference; explicitFileType = sourcecode.glsl; fileEncoding = 4; name = SimpleVertexShader.vsh; path = fragment/SimpleVertexShader.vsh; sourceTree = "<group>"; };
		92FAA1F41C5F5599001CB1F0 /* SimpleTransform.vsh */ = {isa = PBXFileReference; fileEncoding = 4; lastKnownFileType = sourcecode.glsl; name = SimpleTransform.vsh; path = fragment/SimpleTransform.vsh; sourceTree = "<group>"; };
/* End PBXFileReference section */

/* Begin PBXFrameworksBuildPhase section */
		92FAA1C01C59EDC6001CB1F0 /* Frameworks */ = {
			isa = PBXFrameworksBuildPhase;
			buildActionMask = 2147483647;
			files = (
				92FAA1DA1C5A08BA001CB1F0 /* libglfw3.3.1.dylib in Frameworks */,
				92FAA1CE1C59EE0F001CB1F0 /* OpenGL.framework in Frameworks */,
			);
			runOnlyForDeploymentPostprocessing = 0;
		};
/* End PBXFrameworksBuildPhase section */

/* Begin PBXGroup section */
		92FAA1BA1C59EDC6001CB1F0 = {
			isa = PBXGroup;
			children = (
				92FAA1D91C5A08BA001CB1F0 /* libglfw3.3.1.dylib */,
				92FAA1CD1C59EE0F001CB1F0 /* OpenGL.framework */,
				92FAA1C51C59EDC6001CB1F0 /* gilgl */,
				92FAA1C41C59EDC6001CB1F0 /* Products */,
			);
			sourceTree = "<group>";
		};
		92FAA1C41C59EDC6001CB1F0 /* Products */ = {
			isa = PBXGroup;
			children = (
				92FAA1C31C59EDC6001CB1F0 /* gilgl */,
			);
			name = Products;
			sourceTree = "<group>";
		};
		92FAA1C51C59EDC6001CB1F0 /* gilgl */ = {
			isa = PBXGroup;
			children = (
				92FAA1E41C5B4D34001CB1F0 /* fragment */,
				92FAA1DD1C5B48A1001CB1F0 /* common */,
				92FAA1C61C59EDC6001CB1F0 /* main.cpp */,
				92FAA1DC1C5B4186001CB1F0 /* gilgl.h */,
			);
			path = gilgl;
			sourceTree = "<group>";
		};
		92FAA1DD1C5B48A1001CB1F0 /* common */ = {
			isa = PBXGroup;
			children = (
				92FAA1E71C5B5231001CB1F0 /* shader.cpp */,
				92FAA1E81C5B5231001CB1F0 /* shader.hpp */,
			);
			name = common;
			sourceTree = "<group>";
		};
		92FAA1E41C5B4D34001CB1F0 /* fragment */ = {
			isa = PBXGroup;
			children = (
				92FAA1F01C5F4B5C001CB1F0 /* SimpleFragmentShader.fsh */,
				92FAA1F41C5F5599001CB1F0 /* SimpleTransform.vsh */,
				92FAA1F11C5F4B5C001CB1F0 /* SimpleVertexShader.vsh */,
			);
			name = fragment;
			sourceTree = "<group>";
		};
/* End PBXGroup section */

/* Begin PBXNativeTarget section */
		92FAA1C21C59EDC6001CB1F0 /* gilgl */ = {
			isa = PBXNativeTarget;
			buildConfigurationList = 92FAA1CA1C59EDC6001CB1F0 /* Build configuration list for PBXNativeTarget "gilgl" */;
			buildPhases = (
				92FAA1BF1C59EDC6001CB1F0 /* Sources */,
				92FAA1C01C59EDC6001CB1F0 /* Frameworks */,
				92FAA1C11C59EDC6001CB1F0 /* CopyFiles */,
			);
			buildRules = (
			);
			dependencies = (
			);
			name = gilgl;
			productName = gilgl;
			productReference = 92FAA1C31C59EDC6001CB1F0 /* gilgl */;
			productType = "com.apple.product-type.tool";
		};
/* End PBXNativeTarget section */

/* Begin PBXProject section */
		92FAA1BB1C59EDC6001CB1F0 /* Project object */ = {
			isa = PBXProject;
			attributes = {
				LastUpgradeCheck = 0720;
				ORGANIZATIONNAME = frellica;
				TargetAttributes = {
					92FAA1C21C59EDC6001CB1F0 = {
						CreatedOnToolsVersion = 7.2;
					};
				};
			};
			buildConfigurationList = 92FAA1BE1C59EDC6001CB1F0 /* Build configuration list for PBXProject "gilgl" */;
			compatibilityVersion = "Xcode 3.2";
			developmentRegion = English;
			hasScannedForEncodings = 0;
			knownRegions = (
				en,
			);
			mainGroup = 92FAA1BA1C59EDC6001CB1F0;
			productRefGroup = 92FAA1C41C59EDC6001CB1F0 /* Products */;
			projectDirPath = "";
			projectRoot = "";
			targets = (
				92FAA1C21C59EDC6001CB1F0 /* gilgl */,
			);
		};
/* End PBXProject section */

/* Begin PBXSourcesBuildPhase section */
		92FAA1BF1C59EDC6001CB1F0 /* Sources */ = {
			isa = PBXSourcesBuildPhase;
			buildActionMask = 2147483647;
			files = (
				92FAA1E91C5B5231001CB1F0 /* shader.cpp in Sources */,
				92FAA1C71C59EDC6001CB1F0 /* main.cpp in Sources */,
			);
			runOnlyForDeploymentPostprocessing = 0;
		};
/* End PBXSourcesBuildPhase section */

/* Begin XCBuildConfiguration section */
		92FAA1C81C59EDC6001CB1F0 /* Debug */ = {
			isa = XCBuildConfiguration;
			buildSettings = {
				ALWAYS_SEARCH_USER_PATHS = NO;
				CLANG_CXX_LANGUAGE_STANDARD = "gnu++0x";
				CLANG_CXX_LIBRARY = "libc++";
				CLANG_ENABLE_MODULES = YES;
				CLANG_ENABLE_OBJC_ARC = YES;
				CLANG_WARN_BOOL_CONVERSION = YES;
				CLANG_WARN_CONSTANT_CONVERSION = YES;
				CLANG_WARN_DIRECT_OBJC_ISA_USAGE = YES_ERROR;
				CLANG_WARN_EMPTY_BODY = YES;
				CLANG_WARN_ENUM_CONVERSION = YES;
				CLANG_WARN_INT_CONVERSION = YES;
				CLANG_WARN_OBJC_ROOT_CLASS = YES_ERROR;
				CLANG_WARN_UNREACHABLE_CODE = YES;
				CLANG_WARN__DUPLICATE_METHOD_MATCH = YES;
				CODE_SIGN_IDENTITY = "-";
				COPY_PHASE_STRIP = NO;
				DEBUG_INFORMATION_FORMAT = dwarf;
				ENABLE_STRICT_OBJC_MSGSEND = YES;
				ENABLE_TESTABILITY = YES;
				GCC_C_LANGUAGE_STANDARD = gnu99;
				GCC_DYNAMIC_NO_PIC = NO;
				GCC_NO_COMMON_BLOCKS = YES;
				GCC_OPTIMIZATION_LEVEL = 0;
				GCC_PREPROCESSOR_DEFINITIONS = (
					"DEBUG=1",
					"$(inherited)",
				);
				GCC_WARN_64_TO_32_BIT_CONVERSION = YES;
				GCC_WARN_ABOUT_RETURN_TYPE = YES_ERROR;
				GCC_WARN_UNDECLARED_SELECTOR = YES;
				GCC_WARN_UNINITIALIZED_AUTOS = YES_AGGRESSIVE;
				GCC_WARN_UNUSED_FUNCTION = YES;
				GCC_WARN_UNUSED_VARIABLE = YES;
				INCLUDED_RECURSIVE_SEARCH_PATH_SUBDIRECTORIES = "*.vertexshader *.fragmentshader fragment";
				MACOSX_DEPLOYMENT_TARGET = 10.11;
				MTL_ENABLE_DEBUG_INFO = YES;
				New_Setting = "";
				ONLY_ACTIVE_ARCH = YES;
				REZ_SEARCH_PATHS = ./;
				SDKROOT = macosx;
			};
			name = Debug;
		};
		92FAA1C91C59EDC6001CB1F0 /* Release */ = {
			isa = XCBuildConfiguration;
			buildSettings = {
				ALWAYS_SEARCH_USER_PATHS = NO;
				CLANG_CXX_LANGUAGE_STANDARD = "gnu++0x";
				CLANG_CXX_LIBRARY = "libc++";
				CLANG_ENABLE_MODULES = YES;
				CLANG_ENABLE_OBJC_ARC = YES;
				CLANG_WARN_BOOL_CONVERSION = YES;
				CLANG_WARN_CONSTANT_CONVERSION = YES;
				CLANG_WARN_DIRECT_OBJC_ISA_USAGE = YES_ERROR;
				CLANG_WARN_EMPTY_BODY = YES;
				CLANG_WARN_ENUM_CONVERSION = YES;
				CLANG_WARN_INT_CONVERSION = YES;
				CLANG_WARN_OBJC_ROOT_CLASS = YES_ERROR;
				CLANG_WARN_UNREACHABLE_CODE = YES;
				CLANG_WARN__DUPLICATE_METHOD_MATCH = YES;
				CODE_SIGN_IDENTITY = "-";
				COPY_PHASE_STRIP = NO;
				DEBUG_INFORMATION_FORMAT = "dwarf-with-dsym";
				ENABLE_NS_ASSERTIONS = NO;
				ENABLE_STRICT_OBJC_MSGSEND = YES;
				GCC_C_LANGUAGE_STANDARD = gnu99;
				GCC_NO_COMMON_BLOCKS = YES;
				GCC_WARN_64_TO_32_BIT_CONVERSION = YES;
				GCC_WARN_ABOUT_RETURN_TYPE = YES_ERROR;
				GCC_WARN_UNDECLARED_SELECTOR = YES;
				GCC_WARN_UNINITIALIZED_AUTOS = YES_AGGRESSIVE;
				GCC_WARN_UNUSED_FUNCTION = YES;
				GCC_WARN_UNUSED_VARIABLE = YES;
				INCLUDED_RECURSIVE_SEARCH_PATH_SUBDIRECTORIES = "*.vertexshader *.fragmentshader fragment";
				MACOSX_DEPLOYMENT_TARGET = 10.11;
				MTL_ENABLE_DEBUG_INFO = NO;
				New_Setting = "";
				REZ_SEARCH_PATHS = ./;
				SDKROOT = macosx;
			};
			name = Release;
		};
		92FAA1CB1C59EDC6001CB1F0 /* Debug */ = {
			isa = XCBuildConfiguration;
			buildSettings = {
				"HEADER_SEARCH_PATHS[arch=*]" = /usr/local/include;
				LIBRARY_SEARCH_PATHS = (
					"$(inherited)",
					/usr/local/Cellar/glfw3/3.1.2/lib,
				);
				PRODUCT_NAME = "$(TARGET_NAME)";
			};
			name = Debug;
		};
		92FAA1CC1C59EDC6001CB1F0 /* Release */ = {
			isa = XCBuildConfiguration;
			buildSettings = {
				"HEADER_SEARCH_PATHS[arch=*]" = /usr/local/include;
				LIBRARY_SEARCH_PATHS = (
					"$(inherited)",
					/usr/local/Cellar/glfw3/3.1.2/lib,
				);
				PRODUCT_NAME = "$(TARGET_NAME)";
			};
			name = Release;
		};
/* End XCBuildConfiguration section */

/* Begin XCConfigurationList section */
		92FAA1BE1C59EDC6001CB1F0 /* Build configuration list for PBXProject "gilgl" */ = {
			isa = XCConfigurationList;
			buildConfigurations = (
				92FAA1C81C59EDC6001CB1F0 /* Debug */,
				92FAA1C91C59EDC6001CB1F0 /* Release */,
			);
			defaultConfigurationIsVisible = 0;
			defaultConfigurationName = Release;
		};
		92FAA1CA1C59EDC6001CB1F0 /* Build configuration list for PBXNativeTarget "gilgl" */ = {
			isa = XCConfigurationList;
			buildConfigurations = (
				92FAA1CB1C59EDC6001CB1F0 /* Debug */,
				92FAA1CC1C59EDC6001CB1F0 /* Release */,
			);
			defaultConfigurationIsVisible = 0;
			defaultConfigurationName = Release;
		};
/* End XCConfigurationList section */
	};
	rootObject = 92FAA1BB1C59EDC6001CB1F0 /* Project object */;
}
